{
  "name": "outspoken",
  "version": "1.1.0",
  "lockfileVersion": 1,
  "requires": true,
  "dependencies": {
    "@types/node": {
      "version": "11.13.5",
      "resolved": "https://registry.npmjs.org/@types/node/-/node-11.13.5.tgz",
      "integrity": "sha512-/OMMBnjVtDuwX1tg2pkYVSqRIDSmNTnvVvmvP/2xiMAAWf4a5+JozrApCrO4WCAILmXVxfNoQ3E+0HJbNpFVGg=="
    },
    "ix": {
      "version": "2.5.3",
      "resolved": "https://registry.npmjs.org/ix/-/ix-2.5.3.tgz",
      "integrity": "sha512-Syz3oYUx5+P0T9F3BZOE2DzvWYF31Mbha1VqDbJsr4e4A+twhxTAf2c1BO8TMlwon12oAvvxAtQ+NJm9P8ISYQ==",
      "requires": {
        "@types/node": "^11.11.6",
        "tslib": "^1.9.3"
      }
    },
    "tslib": {
      "version": "1.9.3",
      "resolved": "https://registry.npmjs.org/tslib/-/tslib-1.9.3.tgz",
      "integrity": "sha512-4krF8scpejhaOgqzBEcGM7yDIEfi0/8+8zDRZhNZZ2kjmHJ4hv3zCbQWxoJGz1iw5U0Jl0nma13xzHXcncMavQ=="
    }
  }
}
