{
  "name": "outspoken",
  "version": "1.9.0",
  "lockfileVersion": 2,
  "requires": true,
  "packages": {
    "": {
      "version": "1.9.0",
      "license": "GPL-3.0",
      "dependencies": {
        "project-name-generator": "^2.1.7",
        "xregexp": "^4.2.4"
      }
    },
    "node_modules/@babel/runtime-corejs3": {
      "version": "7.18.9",
      "resolved": "https://registry.npmjs.org/@babel/runtime-corejs3/-/runtime-corejs3-7.18.9.tgz",
      "integrity": "sha512-qZEWeccZCrHA2Au4/X05QW5CMdm4VjUDCrGq5gf1ZDcM4hRqreKrtwAn7yci9zfgAS9apvnsFXiGBHBAxZdK9A==",
      "dependencies": {
        "core-js-pure": "^3.20.2",
        "regenerator-runtime": "^0.13.4"
      },
      "engines": {
        "node": ">=6.9.0"
      }
    },
    "node_modules/commander": {
      "version": "6.2.1",
      "resolved": "https://registry.npmjs.org/commander/-/commander-6.2.1.tgz",
      "integrity": "sha512-U7VdrJFnJgo4xjrHpTzu0yrHPGImdsmD95ZlgYSEajAn2JKzDhDTPG9kBTefmObL2w/ngeZnilk+OV9CG3d7UA==",
      "engines": {
        "node": ">= 6"
      }
    },
    "node_modules/core-js-pure": {
      "version": "3.23.5",
      "resolved": "https://registry.npmjs.org/core-js-pure/-/core-js-pure-3.23.5.tgz",
      "integrity": "sha512-8t78LdpKSuCq4pJYCYk8hl7XEkAX+BP16yRIwL3AanTksxuEf7CM83vRyctmiEL8NDZ3jpUcv56fk9/zG3aIuw==",
      "hasInstallScript": true,
      "funding": {
        "type": "opencollective",
        "url": "https://opencollective.com/core-js"
      }
    },
    "node_modules/lodash": {
      "version": "4.17.21",
      "resolved": "https://registry.npmjs.org/lodash/-/lodash-4.17.21.tgz",
      "integrity": "sha512-v2kDEe57lecTulaDIuNTPy3Ry4gLGJ6Z1O3vE1krgXZNrsQ+LFTGHVxVjcXPs17LhbZVGedAJv8XZ1tvj5FvSg=="
    },
    "node_modules/project-name-generator": {
      "version": "2.1.9",
      "resolved": "https://registry.npmjs.org/project-name-generator/-/project-name-generator-2.1.9.tgz",
      "integrity": "sha512-QmLHqz2C4VHmAyDEAFlVfnuWAHr4vwZhK2bbm4IrwuHNzNKOdG9b4U+NmQbsm1uOoV4kGWv7+FVLsu7Bb/ieYQ==",
      "dependencies": {
        "commander": "^6.1.0",
        "lodash": "^4.17.20"
      },
      "bin": {
        "project-name-generator": "src/generator-bin.js"
      }
    },
    "node_modules/regenerator-runtime": {
      "version": "0.13.9",
      "resolved": "https://registry.npmjs.org/regenerator-runtime/-/regenerator-runtime-0.13.9.tgz",
      "integrity": "sha512-p3VT+cOEgxFsRRA9X4lkI1E+k2/CtnKtU4gcxyaCUreilL/vqI6CdZ3wxVUx3UOUg+gnUOQQcRI7BmSI656MYA=="
    },
    "node_modules/xregexp": {
      "version": "4.4.1",
      "resolved": "https://registry.npmjs.org/xregexp/-/xregexp-4.4.1.tgz",
      "integrity": "sha512-2u9HwfadaJaY9zHtRRnH6BY6CQVNQKkYm3oLtC9gJXXzfsbACg5X5e4EZZGVAH+YIfa+QA9lsFQTTe3HURF3ag==",
      "dependencies": {
        "@babel/runtime-corejs3": "^7.12.1"
      }
    }
  },
  "dependencies": {
    "@babel/runtime-corejs3": {
      "version": "7.18.9",
      "resolved": "https://registry.npmjs.org/@babel/runtime-corejs3/-/runtime-corejs3-7.18.9.tgz",
      "integrity": "sha512-qZEWeccZCrHA2Au4/X05QW5CMdm4VjUDCrGq5gf1ZDcM4hRqreKrtwAn7yci9zfgAS9apvnsFXiGBHBAxZdK9A==",
      "requires": {
        "core-js-pure": "^3.20.2",
        "regenerator-runtime": "^0.13.4"
      }
    },
    "commander": {
      "version": "6.2.1",
      "resolved": "https://registry.npmjs.org/commander/-/commander-6.2.1.tgz",
      "integrity": "sha512-U7VdrJFnJgo4xjrHpTzu0yrHPGImdsmD95ZlgYSEajAn2JKzDhDTPG9kBTefmObL2w/ngeZnilk+OV9CG3d7UA=="
    },
    "core-js-pure": {
      "version": "3.23.5",
      "resolved": "https://registry.npmjs.org/core-js-pure/-/core-js-pure-3.23.5.tgz",
      "integrity": "sha512-8t78LdpKSuCq4pJYCYk8hl7XEkAX+BP16yRIwL3AanTksxuEf7CM83vRyctmiEL8NDZ3jpUcv56fk9/zG3aIuw=="
    },
    "lodash": {
      "version": "4.17.21",
      "resolved": "https://registry.npmjs.org/lodash/-/lodash-4.17.21.tgz",
      "integrity": "sha512-v2kDEe57lecTulaDIuNTPy3Ry4gLGJ6Z1O3vE1krgXZNrsQ+LFTGHVxVjcXPs17LhbZVGedAJv8XZ1tvj5FvSg=="
    },
    "project-name-generator": {
      "version": "2.1.9",
      "resolved": "https://registry.npmjs.org/project-name-generator/-/project-name-generator-2.1.9.tgz",
      "integrity": "sha512-QmLHqz2C4VHmAyDEAFlVfnuWAHr4vwZhK2bbm4IrwuHNzNKOdG9b4U+NmQbsm1uOoV4kGWv7+FVLsu7Bb/ieYQ==",
      "requires": {
        "commander": "^6.1.0",
        "lodash": "^4.17.20"
      }
    },
    "regenerator-runtime": {
      "version": "0.13.9",
      "resolved": "https://registry.npmjs.org/regenerator-runtime/-/regenerator-runtime-0.13.9.tgz",
      "integrity": "sha512-p3VT+cOEgxFsRRA9X4lkI1E+k2/CtnKtU4gcxyaCUreilL/vqI6CdZ3wxVUx3UOUg+gnUOQQcRI7BmSI656MYA=="
    },
    "xregexp": {
      "version": "4.4.1",
      "resolved": "https://registry.npmjs.org/xregexp/-/xregexp-4.4.1.tgz",
      "integrity": "sha512-2u9HwfadaJaY9zHtRRnH6BY6CQVNQKkYm3oLtC9gJXXzfsbACg5X5e4EZZGVAH+YIfa+QA9lsFQTTe3HURF3ag==",
      "requires": {
        "@babel/runtime-corejs3": "^7.12.1"
      }
    }
  }
}
